<?xml version="1.0" encoding="utf-8"?>
<Project ToolsVersion="4.0" xmlns="http://schemas.microsoft.com/developer/msbuild/2003">
  <ItemGroup>
    <Filter Include="sources">
      <UniqueIdentifier>{f18ab499-84e1-499f-8eff-9754361e0e52}</UniqueIdentifier>
      <Extensions>cpp;c;cc;cxx;def;odl;idl;hpj;bat;asm;asmx</Extensions>
    </Filter>
    <Filter Include="sources\front">
      <UniqueIdentifier>{6dca62db-6f5c-4166-afba-18d2b7bfe783}</UniqueIdentifier>
    </Filter>
    <Filter Include="sources\storage">
      <UniqueIdentifier>{7c7f355b-29ec-4090-bfa6-1c3b4bcaf3c6}</UniqueIdentifier>
    </Filter>
    <Filter Include="sources\compacter">
      <UniqueIdentifier>{14745870-2378-4c2c-98df-fb1f8fd99592}</UniqueIdentifier>
    </Filter>
    <Filter Include="imgui">
      <UniqueIdentifier>{56ca3e38-519c-498f-85c1-0ee2c1620d7a}</UniqueIdentifier>
    </Filter>
  </ItemGroup>
  <ItemGroup>
    <ClCompile Include="main.cpp">
      <Filter>sources</Filter>
    </ClCompile>
    <ClCompile Include="front.cpp">
      <Filter>sources\front</Filter>
    </ClCompile>
    <ClCompile Include="storage.cpp">
      <Filter>sources\storage</Filter>
    </ClCompile>
    <ClCompile Include="compacter.cpp">
      <Filter>sources\compacter</Filter>
    </ClCompile>
    <ClCompile Include="..\backends\imgui.cpp">
      <Filter>imgui</Filter>
    </ClCompile>
    <ClCompile Include="..\backends\imgui_demo.cpp">
      <Filter>imgui</Filter>
    </ClCompile>
    <ClCompile Include="..\backends\imgui_draw.cpp">
      <Filter>imgui</Filter>
    </ClCompile>
    <ClCompile Include="..\backends\imgui_impl_glfw.cpp">
      <Filter>imgui</Filter>
    </ClCompile>
    <ClCompile Include="..\backends\imgui_impl_opengl2.cpp">
      <Filter>imgui</Filter>
    </ClCompile>
    <ClCompile Include="..\backends\imgui_impl_opengl3.cpp">
      <Filter>imgui</Filter>
    </ClCompile>
    <ClCompile Include="..\backends\imgui_tables.cpp">
      <Filter>imgui</Filter>
    </ClCompile>
    <ClCompile Include="..\backends\imgui_widgets.cpp">
      <Filter>imgui</Filter>
    </ClCompile>
  </ItemGroup>
  <ItemGroup>
    <ClInclude Include="front.h">
      <Filter>sources\front</Filter>
    </ClInclude>
    <ClInclude Include="storage.h">
      <Filter>sources\storage</Filter>
    </ClInclude>
    <ClInclude Include="stb_image.h">
      <Filter>sources\front</Filter>
    </ClInclude>
    <ClInclude Include="compacter.h">
      <Filter>sources\compacter</Filter>
    </ClInclude>
    <ClInclude Include="..\backends\imconfig.h">
      <Filter>imgui</Filter>
    </ClInclude>
    <ClInclude Include="..\backends\imgui.h">
      <Filter>imgui</Filter>
    </ClInclude>
    <ClInclude Include="..\backends\imgui_impl_glfw.h">
      <Filter>imgui</Filter>
    </ClInclude>
    <ClInclude Include="..\backends\imgui_impl_opengl2.h">
      <Filter>imgui</Filter>
    </ClInclude>
    <ClInclude Include="..\backends\imgui_impl_opengl3.h">
      <Filter>imgui</Filter>
    </ClInclude>
    <ClInclude Include="..\backends\imgui_impl_win32.h">
      <Filter>imgui</Filter>
    </ClInclude>
  </ItemGroup>
  <ItemGroup>
    <None Include="..\README.txt" />
    <None Include="..\vcpkg.json" />
    <None Include="..\vcpkg-configuration.json" />
  </ItemGroup>
  <ItemGroup>
    <Font Include="..\..\..\..\Roboto-Regular.ttf">
      <Filter>sources</Filter>
    </Font>
  </ItemGroup>
</Project>